
Microsoft Visual Studio Solution File, Format Version 12.00
# Visual Studio Version 16
VisualStudioVersion = 16.0.29806.167
MinimumVisualStudioVersion = 10.0.40219.1
Project("{9A19103F-16F7-4668-BE54-9A1E7A4F7556}") = "GoogleSheetApi", "GoogleSheetApi\GoogleSheetApi.csproj", "{893F797E-E44D-4611-874E-F24D3BA5FB95}"
EndProject
Project("{9A19103F-16F7-4668-BE54-9A1E7A4F7556}") = "CodeTestApp2", "CodeTestApp2\CodeTestApp2.csproj", "{BB963419-41D2-45F2-B56D-F50E08BC0343}"
EndProject
Project("{9A19103F-16F7-4668-BE54-9A1E7A4F7556}") = "CodeTestApp", "CodeTestApp\CodeTestApp.csproj", "{9B83337F-12CC-40B4-837D-13C56622C377}"
EndProject
Project("{9A19103F-16F7-4668-BE54-9A1E7A4F7556}") = "CodeTestWebApp", "CodeTestWebApp\CodeTestWebApp.csproj", "{1B8B8835-83CB-4789-9002-977ED1C705AA}"
EndProject
Project("{2150E333-8FDC-42A3-9474-1A3956D46DE8}") = "Solution Items", "Solution Items", "{F2DB3D08-B7B7-4D0D-A902-5632ED62ADCC}"
	ProjectSection(SolutionItems) = preProject
		LinksAndDescriptions.txt = LinksAndDescriptions.txt
	EndProjectSection
EndProject
Project("{9A19103F-16F7-4668-BE54-9A1E7A4F7556}") = "Google_external_login_setup_in_ASP.NETCore", "Google_external_login_setup_in_ASP.NETCore\Google_external_login_setup_in_ASP.NETCore.csproj", "{4A10DC7C-F4F1-426C-9EB7-6ADB0959DD2E}"
EndProject
Project("{9A19103F-16F7-4668-BE54-9A1E7A4F7556}") = "GooglEexternalLoginSqlserver", "GooglEexternalLoginSqlserver\GooglEexternalLoginSqlserver.csproj", "{A3294055-9247-448A-B546-00146AB2423D}"
EndProject
Project("{9A19103F-16F7-4668-BE54-9A1E7A4F7556}") = "GoogleLogin", "GoogleLogin\GoogleLogin.csproj", "{306AC9F4-61CA-46C8-8E41-A8F2AC5079EF}"
EndProject
Project("{9A19103F-16F7-4668-BE54-9A1E7A4F7556}") = "GoogleLogin2", "GoogleLogin2\GoogleLogin2.csproj", "{80F389E0-04DE-499A-9957-6B53B3F23887}"
EndProject
Project("{9A19103F-16F7-4668-BE54-9A1E7A4F7556}") = "Test", "Test\Test.csproj", "{E0C8EE13-550E-4C6F-B41F-C22A177A2C42}"
EndProject
Project("{9A19103F-16F7-4668-BE54-9A1E7A4F7556}") = "Test2", "Test2\Test2.csproj", "{BD6D8D9B-6A91-4613-9868-0DB3D3A18B0A}"
EndProject
Project("{9A19103F-16F7-4668-BE54-9A1E7A4F7556}") = "AjaxLearning", "AjaxLearning\AjaxLearning.csproj", "{B1FD72E8-D8B5-4601-9A2F-C3D44FF53624}"
EndProject
Project("{9A19103F-16F7-4668-BE54-9A1E7A4F7556}") = "GoogleDriveIntegration", "GoogleDriveIntegration\GoogleDriveIntegration.csproj", "{F81D4F25-7659-4070-A605-C394F49B424B}"
EndProject
Project("{9A19103F-16F7-4668-BE54-9A1E7A4F7556}") = "DropBoxIntegration", "DropBoxIntegration\DropBoxIntegration.csproj", "{C7AEE9E7-B750-41CB-BC11-BA914290CC35}"
EndProject
Project("{9A19103F-16F7-4668-BE54-9A1E7A4F7556}") = "OnDriveIntegration", "OnDriveIntegration\OnDriveIntegration.csproj", "{B7FCAAEB-6B8C-4777-8293-840A22A6BE64}"
EndProject
Project("{9A19103F-16F7-4668-BE54-9A1E7A4F7556}") = "graphconsoleapp", "graphconsoleapp\graphconsoleapp.csproj", "{10F9B1E3-0C7A-4B5B-BF21-C4889EE4F77D}"
EndProject
Global
	GlobalSection(SolutionConfigurationPlatforms) = preSolution
		Debug|Any CPU = Debug|Any CPU
		Release|Any CPU = Release|Any CPU
	EndGlobalSection
	GlobalSection(ProjectConfigurationPlatforms) = postSolution
		{893F797E-E44D-4611-874E-F24D3BA5FB95}.Debug|Any CPU.ActiveCfg = Debug|Any CPU
		{893F797E-E44D-4611-874E-F24D3BA5FB95}.Debug|Any CPU.Build.0 = Debug|Any CPU
		{893F797E-E44D-4611-874E-F24D3BA5FB95}.Release|Any CPU.ActiveCfg = Release|Any CPU
		{893F797E-E44D-4611-874E-F24D3BA5FB95}.Release|Any CPU.Build.0 = Release|Any CPU
		{BB963419-41D2-45F2-B56D-F50E08BC0343}.Debug|Any CPU.ActiveCfg = Debug|Any CPU
		{BB963419-41D2-45F2-B56D-F50E08BC0343}.Debug|Any CPU.Build.0 = Debug|Any CPU
		{BB963419-41D2-45F2-B56D-F50E08BC0343}.Release|Any CPU.ActiveCfg = Release|Any CPU
		{BB963419-41D2-45F2-B56D-F50E08BC0343}.Release|Any CPU.Build.0 = Release|Any CPU
		{9B83337F-12CC-40B4-837D-13C56622C377}.Debug|Any CPU.ActiveCfg = Debug|Any CPU
		{9B83337F-12CC-40B4-837D-13C56622C377}.Debug|Any CPU.Build.0 = Debug|Any CPU
		{9B83337F-12CC-40B4-837D-13C56622C377}.Release|Any CPU.ActiveCfg = Release|Any CPU
		{9B83337F-12CC-40B4-837D-13C56622C377}.Release|Any CPU.Build.0 = Release|Any CPU
		{1B8B8835-83CB-4789-9002-977ED1C705AA}.Debug|Any CPU.ActiveCfg = Debug|Any CPU
		{1B8B8835-83CB-4789-9002-977ED1C705AA}.Debug|Any CPU.Build.0 = Debug|Any CPU
		{1B8B8835-83CB-4789-9002-977ED1C705AA}.Release|Any CPU.ActiveCfg = Release|Any CPU
		{1B8B8835-83CB-4789-9002-977ED1C705AA}.Release|Any CPU.Build.0 = Release|Any CPU
		{4A10DC7C-F4F1-426C-9EB7-6ADB0959DD2E}.Debug|Any CPU.ActiveCfg = Debug|Any CPU
		{4A10DC7C-F4F1-426C-9EB7-6ADB0959DD2E}.Debug|Any CPU.Build.0 = Debug|Any CPU
		{4A10DC7C-F4F1-426C-9EB7-6ADB0959DD2E}.Release|Any CPU.ActiveCfg = Release|Any CPU
		{4A10DC7C-F4F1-426C-9EB7-6ADB0959DD2E}.Release|Any CPU.Build.0 = Release|Any CPU
		{A3294055-9247-448A-B546-00146AB2423D}.Debug|Any CPU.ActiveCfg = Debug|Any CPU
		{A3294055-9247-448A-B546-00146AB2423D}.Debug|Any CPU.Build.0 = Debug|Any CPU
		{A3294055-9247-448A-B546-00146AB2423D}.Release|Any CPU.ActiveCfg = Release|Any CPU
		{A3294055-9247-448A-B546-00146AB2423D}.Release|Any CPU.Build.0 = Release|Any CPU
		{306AC9F4-61CA-46C8-8E41-A8F2AC5079EF}.Debug|Any CPU.ActiveCfg = Debug|Any CPU
		{306AC9F4-61CA-46C8-8E41-A8F2AC5079EF}.Debug|Any CPU.Build.0 = Debug|Any CPU
		{306AC9F4-61CA-46C8-8E41-A8F2AC5079EF}.Release|Any CPU.ActiveCfg = Release|Any CPU
		{306AC9F4-61CA-46C8-8E41-A8F2AC5079EF}.Release|Any CPU.Build.0 = Release|Any CPU
		{80F389E0-04DE-499A-9957-6B53B3F23887}.Debug|Any CPU.ActiveCfg = Debug|Any CPU
		{80F389E0-04DE-499A-9957-6B53B3F23887}.Debug|Any CPU.Build.0 = Debug|Any CPU
		{80F389E0-04DE-499A-9957-6B53B3F23887}.Release|Any CPU.ActiveCfg = Release|Any CPU
		{80F389E0-04DE-499A-9957-6B53B3F23887}.Release|Any CPU.Build.0 = Release|Any CPU
		{E0C8EE13-550E-4C6F-B41F-C22A177A2C42}.Debug|Any CPU.ActiveCfg = Debug|Any CPU
		{E0C8EE13-550E-4C6F-B41F-C22A177A2C42}.Debug|Any CPU.Build.0 = Debug|Any CPU
		{E0C8EE13-550E-4C6F-B41F-C22A177A2C42}.Release|Any CPU.ActiveCfg = Release|Any CPU
		{E0C8EE13-550E-4C6F-B41F-C22A177A2C42}.Release|Any CPU.Build.0 = Release|Any CPU
		{BD6D8D9B-6A91-4613-9868-0DB3D3A18B0A}.Debug|Any CPU.ActiveCfg = Debug|Any CPU
		{BD6D8D9B-6A91-4613-9868-0DB3D3A18B0A}.Debug|Any CPU.Build.0 = Debug|Any CPU
		{BD6D8D9B-6A91-4613-9868-0DB3D3A18B0A}.Release|Any CPU.ActiveCfg = Release|Any CPU
		{BD6D8D9B-6A91-4613-9868-0DB3D3A18B0A}.Release|Any CPU.Build.0 = Release|Any CPU
		{B1FD72E8-D8B5-4601-9A2F-C3D44FF53624}.Debug|Any CPU.ActiveCfg = Debug|Any CPU
		{B1FD72E8-D8B5-4601-9A2F-C3D44FF53624}.Debug|Any CPU.Build.0 = Debug|Any CPU
		{B1FD72E8-D8B5-4601-9A2F-C3D44FF53624}.Release|Any CPU.ActiveCfg = Release|Any CPU
		{B1FD72E8-D8B5-4601-9A2F-C3D44FF53624}.Release|Any CPU.Build.0 = Release|Any CPU
		{F81D4F25-7659-4070-A605-C394F49B424B}.Debug|Any CPU.ActiveCfg = Debug|Any CPU
		{F81D4F25-7659-4070-A605-C394F49B424B}.Debug|Any CPU.Build.0 = Debug|Any CPU
		{F81D4F25-7659-4070-A605-C394F49B424B}.Release|Any CPU.ActiveCfg = Release|Any CPU
		{F81D4F25-7659-4070-A605-C394F49B424B}.Release|Any CPU.Build.0 = Release|Any CPU
		{C7AEE9E7-B750-41CB-BC11-BA914290CC35}.Debug|Any CPU.ActiveCfg = Debug|Any CPU
		{C7AEE9E7-B750-41CB-BC11-BA914290CC35}.Debug|Any CPU.Build.0 = Debug|Any CPU
		{C7AEE9E7-B750-41CB-BC11-BA914290CC35}.Release|Any CPU.ActiveCfg = Release|Any CPU
		{C7AEE9E7-B750-41CB-BC11-BA914290CC35}.Release|Any CPU.Build.0 = Release|Any CPU
		{B7FCAAEB-6B8C-4777-8293-840A22A6BE64}.Debug|Any CPU.ActiveCfg = Debug|Any CPU
		{B7FCAAEB-6B8C-4777-8293-840A22A6BE64}.Debug|Any CPU.Build.0 = Debug|Any CPU
		{B7FCAAEB-6B8C-4777-8293-840A22A6BE64}.Release|Any CPU.ActiveCfg = Release|Any CPU
		{B7FCAAEB-6B8C-4777-8293-840A22A6BE64}.Release|Any CPU.Build.0 = Release|Any CPU
		{10F9B1E3-0C7A-4B5B-BF21-C4889EE4F77D}.Debug|Any CPU.ActiveCfg = Debug|Any CPU
		{10F9B1E3-0C7A-4B5B-BF21-C4889EE4F77D}.Debug|Any CPU.Build.0 = Debug|Any CPU
		{10F9B1E3-0C7A-4B5B-BF21-C4889EE4F77D}.Release|Any CPU.ActiveCfg = Release|Any CPU
		{10F9B1E3-0C7A-4B5B-BF21-C4889EE4F77D}.Release|Any CPU.Build.0 = Release|Any CPU
	EndGlobalSection
	GlobalSection(SolutionProperties) = preSolution
		HideSolutionNode = FALSE
	EndGlobalSection
	GlobalSection(ExtensibilityGlobals) = postSolution
		SolutionGuid = {E91D57DC-D9F6-4E51-922E-EFE16C74C29E}
	EndGlobalSection
EndGlobal
